
Microsoft Visual Studio Solution File, Format Version 12.00
# Visual Studio Version 17
VisualStudioVersion = 17.4.33403.182
MinimumVisualStudioVersion = 10.0.40219.1
Project("{FAE04EC0-301F-11D3-BF4B-00C04F79EFBC}") = "GTD_Fund_TrackerAPI", "GTD_Fund_TrackerAPI\GTD_Fund_TrackerAPI.csproj", "{A3CF862F-1E54-42B1-BA70-8BDE69A07340}"
EndProject
Global
	GlobalSection(SolutionConfigurationPlatforms) = preSolution
		Debug|Any CPU = Debug|Any CPU
		Release|Any CPU = Release|Any CPU
	EndGlobalSection
	GlobalSection(ProjectConfigurationPlatforms) = postSolution
		{A3CF862F-1E54-42B1-BA70-8BDE69A07340}.Debug|Any CPU.ActiveCfg = Debug|Any CPU
		{A3CF862F-1E54-42B1-BA70-8BDE69A07340}.Debug|Any CPU.Build.0 = Debug|Any CPU
		{A3CF862F-1E54-42B1-BA70-8BDE69A07340}.Release|Any CPU.ActiveCfg = Release|Any CPU
		{A3CF862F-1E54-42B1-BA70-8BDE69A07340}.Release|Any CPU.Build.0 = Release|Any CPU
	EndGlobalSection
	GlobalSection(SolutionProperties) = preSolution
		HideSolutionNode = FALSE
	EndGlobalSection
	GlobalSection(ExtensibilityGlobals) = postSolution
		SolutionGuid = {D18F6E85-C387-4261-BBBB-E8ADC72CF9D2}
	EndGlobalSection
EndGlobal
